
Microsoft Visual Studio Solution File, Format Version 12.00
# Visual Studio Version 17
VisualStudioVersion = 17.8.34330.188
MinimumVisualStudioVersion = 10.0.40219.1
Project("{FAE04EC0-301F-11D3-BF4B-00C04F79EFBC}") = "LoupeTest1", "LoupeTest1\LoupeTest1.csproj", "{42F79A9B-D1C8-441F-84C5-7342CA374F09}"
EndProject
Global
	GlobalSection(SolutionConfigurationPlatforms) = preSolution
		Debug|Any CPU = Debug|Any CPU
		Release|Any CPU = Release|Any CPU
	EndGlobalSection
	GlobalSection(ProjectConfigurationPlatforms) = postSolution
		{42F79A9B-D1C8-441F-84C5-7342CA374F09}.Debug|Any CPU.ActiveCfg = Debug|Any CPU
		{42F79A9B-D1C8-441F-84C5-7342CA374F09}.Debug|Any CPU.Build.0 = Debug|Any CPU
		{42F79A9B-D1C8-441F-84C5-7342CA374F09}.Release|Any CPU.ActiveCfg = Release|Any CPU
		{42F79A9B-D1C8-441F-84C5-7342CA374F09}.Release|Any CPU.Build.0 = Release|Any CPU
	EndGlobalSection
	GlobalSection(SolutionProperties) = preSolution
		HideSolutionNode = FALSE
	EndGlobalSection
	GlobalSection(ExtensibilityGlobals) = postSolution
		SolutionGuid = {97EF9110-0E44-4B5A-9863-A7FF396E975F}
	EndGlobalSection
EndGlobal
